
Microsoft Visual Studio Solution File, Format Version 12.00
# Visual Studio Version 17
VisualStudioVersion = 17.4.33213.308
MinimumVisualStudioVersion = 10.0.40219.1
Project("{FAE04EC0-301F-11D3-BF4B-00C04F79EFBC}") = "Examination System", "Examination System\Examination System.csproj", "{026270A7-B867-4D2E-9D79-2F305382875B}"
EndProject
Global
	GlobalSection(SolutionConfigurationPlatforms) = preSolution
		Debug|Any CPU = Debug|Any CPU
		Release|Any CPU = Release|Any CPU
	EndGlobalSection
	GlobalSection(ProjectConfigurationPlatforms) = postSolution
		{026270A7-B867-4D2E-9D79-2F305382875B}.Debug|Any CPU.ActiveCfg = Debug|Any CPU
		{026270A7-B867-4D2E-9D79-2F305382875B}.Debug|Any CPU.Build.0 = Debug|Any CPU
		{026270A7-B867-4D2E-9D79-2F305382875B}.Release|Any CPU.ActiveCfg = Release|Any CPU
		{026270A7-B867-4D2E-9D79-2F305382875B}.Release|Any CPU.Build.0 = Release|Any CPU
	EndGlobalSection
	GlobalSection(SolutionProperties) = preSolution
		HideSolutionNode = FALSE
	EndGlobalSection
	GlobalSection(ExtensibilityGlobals) = postSolution
		SolutionGuid = {9ADEA81F-5608-4DE2-9A6A-5ED484DA1B3D}
	EndGlobalSection
EndGlobal
